
Microsoft Visual Studio Solution File, Format Version 12.00
# Visual Studio Version 17
VisualStudioVersion = 17.10.35013.160
MinimumVisualStudioVersion = 10.0.40219.1
Project("{FAE04EC0-301F-11D3-BF4B-00C04F79EFBC}") = "JokesWebApp", "JokesWebApp\JokesWebApp.csproj", "{44230AC4-9563-45B7-ACEE-F77809A0166D}"
EndProject
Global
	GlobalSection(SolutionConfigurationPlatforms) = preSolution
		Debug|Any CPU = Debug|Any CPU
		Release|Any CPU = Release|Any CPU
	EndGlobalSection
	GlobalSection(ProjectConfigurationPlatforms) = postSolution
		{44230AC4-9563-45B7-ACEE-F77809A0166D}.Debug|Any CPU.ActiveCfg = Debug|Any CPU
		{44230AC4-9563-45B7-ACEE-F77809A0166D}.Debug|Any CPU.Build.0 = Debug|Any CPU
		{44230AC4-9563-45B7-ACEE-F77809A0166D}.Release|Any CPU.ActiveCfg = Release|Any CPU
		{44230AC4-9563-45B7-ACEE-F77809A0166D}.Release|Any CPU.Build.0 = Release|Any CPU
	EndGlobalSection
	GlobalSection(SolutionProperties) = preSolution
		HideSolutionNode = FALSE
	EndGlobalSection
	GlobalSection(ExtensibilityGlobals) = postSolution
		SolutionGuid = {7500543F-22D0-4C8D-8216-F7CC1418DDA5}
	EndGlobalSection
EndGlobal
